
Microsoft Visual Studio Solution File, Format Version 12.00
# Visual Studio Version 17
VisualStudioVersion = 17.3.32929.385
MinimumVisualStudioVersion = 10.0.40219.1
Project("{888888A0-9F3D-457C-B088-3A5042F75D52}") = "StimPres", "StimPres.pyproj", "{42E4611F-64A6-4765-B3C9-D67F42D82E56}"
EndProject
Global
	GlobalSection(SolutionConfigurationPlatforms) = preSolution
		Debug|Any CPU = Debug|Any CPU
		Release|Any CPU = Release|Any CPU
	EndGlobalSection
	GlobalSection(ProjectConfigurationPlatforms) = postSolution
		{42E4611F-64A6-4765-B3C9-D67F42D82E56}.Debug|Any CPU.ActiveCfg = Debug|Any CPU
		{42E4611F-64A6-4765-B3C9-D67F42D82E56}.Release|Any CPU.ActiveCfg = Release|Any CPU
	EndGlobalSection
	GlobalSection(SolutionProperties) = preSolution
		HideSolutionNode = FALSE
	EndGlobalSection
	GlobalSection(ExtensibilityGlobals) = postSolution
		SolutionGuid = {8517179C-2DC0-4237-8F8D-05846BBCD4CA}
	EndGlobalSection
EndGlobal
